
Microsoft Visual Studio Solution File, Format Version 12.00
# Visual Studio Version 17
VisualStudioVersion = 17.2.32516.85
MinimumVisualStudioVersion = 10.0.40219.1
Project("{FAE04EC0-301F-11D3-BF4B-00C04F79EFBC}") = "DynamicConverters", "DynamicConverters\DynamicConverters.csproj", "{C3956E6D-E3F9-4BAC-9D3E-F6F8DF42C9F1}"
EndProject
Global
	GlobalSection(SolutionConfigurationPlatforms) = preSolution
		Debug|Any CPU = Debug|Any CPU
		Release|Any CPU = Release|Any CPU
	EndGlobalSection
	GlobalSection(ProjectConfigurationPlatforms) = postSolution
		{C3956E6D-E3F9-4BAC-9D3E-F6F8DF42C9F1}.Debug|Any CPU.ActiveCfg = Debug|Any CPU
		{C3956E6D-E3F9-4BAC-9D3E-F6F8DF42C9F1}.Debug|Any CPU.Build.0 = Debug|Any CPU
		{C3956E6D-E3F9-4BAC-9D3E-F6F8DF42C9F1}.Release|Any CPU.ActiveCfg = Release|Any CPU
		{C3956E6D-E3F9-4BAC-9D3E-F6F8DF42C9F1}.Release|Any CPU.Build.0 = Release|Any CPU
	EndGlobalSection
	GlobalSection(SolutionProperties) = preSolution
		HideSolutionNode = FALSE
	EndGlobalSection
	GlobalSection(ExtensibilityGlobals) = postSolution
		SolutionGuid = {92BAC2D3-849D-48BF-B21B-1A14DF501B82}
	EndGlobalSection
EndGlobal
